
Microsoft Visual Studio Solution File, Format Version 12.00
# Visual Studio Version 17
VisualStudioVersion = 17.2.32616.157
MinimumVisualStudioVersion = 10.0.40219.1
Project("{FAE04EC0-301F-11D3-BF4B-00C04F79EFBC}") = "LambdaLab_Lib", "LambdaLab_Lib\LambdaLab_Lib.csproj", "{C68C8374-1F88-424C-8272-352DC69070A2}"
EndProject
Project("{FAE04EC0-301F-11D3-BF4B-00C04F79EFBC}") = "LambdaLab_Tests", "LambdaLab_Tests\LambdaLab_Tests.csproj", "{BCBDF8CE-637F-455A-B092-07B6FB42EEC2}"
EndProject
Global
	GlobalSection(SolutionConfigurationPlatforms) = preSolution
		Debug|Any CPU = Debug|Any CPU
		Release|Any CPU = Release|Any CPU
	EndGlobalSection
	GlobalSection(ProjectConfigurationPlatforms) = postSolution
		{C68C8374-1F88-424C-8272-352DC69070A2}.Debug|Any CPU.ActiveCfg = Debug|Any CPU
		{C68C8374-1F88-424C-8272-352DC69070A2}.Debug|Any CPU.Build.0 = Debug|Any CPU
		{C68C8374-1F88-424C-8272-352DC69070A2}.Release|Any CPU.ActiveCfg = Release|Any CPU
		{C68C8374-1F88-424C-8272-352DC69070A2}.Release|Any CPU.Build.0 = Release|Any CPU
		{BCBDF8CE-637F-455A-B092-07B6FB42EEC2}.Debug|Any CPU.ActiveCfg = Debug|Any CPU
		{BCBDF8CE-637F-455A-B092-07B6FB42EEC2}.Debug|Any CPU.Build.0 = Debug|Any CPU
		{BCBDF8CE-637F-455A-B092-07B6FB42EEC2}.Release|Any CPU.ActiveCfg = Release|Any CPU
		{BCBDF8CE-637F-455A-B092-07B6FB42EEC2}.Release|Any CPU.Build.0 = Release|Any CPU
	EndGlobalSection
	GlobalSection(SolutionProperties) = preSolution
		HideSolutionNode = FALSE
	EndGlobalSection
	GlobalSection(ExtensibilityGlobals) = postSolution
		SolutionGuid = {46A07ABA-CDD4-419E-A964-31FA18A259EA}
	EndGlobalSection
EndGlobal
